
Microsoft Visual Studio Solution File, Format Version 11.00
# Visual Studio 2010
Project("{FAE04EC0-301F-11D3-BF4B-00C04F79EFBC}") = "Assembly-CSharp", "Assembly-CSharp.csproj", "{bf93711c-8a2c-052b-bc59-d77e690eb081}"
EndProject
Project("{FAE04EC0-301F-11D3-BF4B-00C04F79EFBC}") = "SimpleFileBrowser.Runtime", "SimpleFileBrowser.Runtime.csproj", "{90dac15d-941f-d873-fd7c-5d0b6f5d4d5b}"
EndProject
Project("{FAE04EC0-301F-11D3-BF4B-00C04F79EFBC}") = "Assembly-CSharp-Editor", "Assembly-CSharp-Editor.csproj", "{43f02211-592b-64ec-7f34-ae685ead66c1}"
EndProject
Project("{FAE04EC0-301F-11D3-BF4B-00C04F79EFBC}") = "Assembly-CSharp-firstpass", "Assembly-CSharp-firstpass.csproj", "{c80f1022-5577-3cb2-ccfd-f08137171a30}"
EndProject
Global
	GlobalSection(SolutionConfigurationPlatforms) = preSolution
		Debug|Any CPU = Debug|Any CPU
	EndGlobalSection
	GlobalSection(ProjectConfigurationPlatforms) = postSolution
		{bf93711c-8a2c-052b-bc59-d77e690eb081}.Debug|Any CPU.ActiveCfg = Debug|Any CPU
		{bf93711c-8a2c-052b-bc59-d77e690eb081}.Debug|Any CPU.Build.0 = Debug|Any CPU
		{90dac15d-941f-d873-fd7c-5d0b6f5d4d5b}.Debug|Any CPU.ActiveCfg = Debug|Any CPU
		{90dac15d-941f-d873-fd7c-5d0b6f5d4d5b}.Debug|Any CPU.Build.0 = Debug|Any CPU
		{43f02211-592b-64ec-7f34-ae685ead66c1}.Debug|Any CPU.ActiveCfg = Debug|Any CPU
		{43f02211-592b-64ec-7f34-ae685ead66c1}.Debug|Any CPU.Build.0 = Debug|Any CPU
		{c80f1022-5577-3cb2-ccfd-f08137171a30}.Debug|Any CPU.ActiveCfg = Debug|Any CPU
		{c80f1022-5577-3cb2-ccfd-f08137171a30}.Debug|Any CPU.Build.0 = Debug|Any CPU
	EndGlobalSection
	GlobalSection(SolutionProperties) = preSolution
		HideSolutionNode = FALSE
	EndGlobalSection
EndGlobal
